<?xml version="1.0" encoding="UTF-8" standalone="yes" ?>
<CodeBlocks_project_file>
	<FileVersion major="1" minor="6" />
	<Project>
		<Option title="Navit_win32" />
		<Option pch_mode="2" />
		<Option compiler="gcc" />
		<Build>
			<Target title="Debug">
				<Option output="bin\Debug\Navit_win32" prefix_auto="1" extension_auto="1" />
				<Option object_output="obj\Debug\" />
				<Option external_deps="bin\Debug\libnavit.a;bin\Debug\libvehicle_file.la;bin\Debug\libdata_binfile.la;bin\Debug\libgtk_graphics.la;bin\Debug\libgtk_gui.la;bin\Debug\libwin32_gui.la" />
				<Option type="1" />
				<Option compiler="gcc" />
				<Option use_console_runner="0" />
				<Compiler>
					<Add option="-g" />
				</Compiler>
				<Linker>
					<Add library="bin\Debug\libvehicle_file.la" />
					<Add library="bin\Debug\libdata_binfile.la" />
					<Add library="bin\Debug\libvehicle_demo.la" />
					<Add library="bin\Debug\libdata_poi_geodownload.la" />
					<Add library="bin\Debug\libmdb.a" />
					<Add library="bin\Debug\libdata_garmin.la" />
					<Add library="bin\Debug\libspeech_speech_dispatcher.la" />
					<Add library="bin\Debug\libdata_mg.la" />
					<Add library="bin\Debug\libdata_textfile.la" />
					<Add library="libgarmin.a" />
					<Add library="bin\Debug\libwin32_gui.la" />
					<Add library="bin\Debug\libnavit.a" />
					<Add library="bin\Debug\libfib.a" />
					<Add library="ole32" />
					<Add library="user32" />
					<Add library="gdi32" />
					<Add library="z" />
					<Add library="gobject-2.0" />
					<Add library="gmodule-2.0" />
					<Add library="glib-2.0" />
					<Add library="intl" />
					<Add directory="bin\Debug" />
					<Add directory="." />
					<Add directory="Win32Extra\libgarmin" />
				</Linker>
			</Target>
			<Target title="Release">
				<Option output="bin\Release\Navit_win32" prefix_auto="1" extension_auto="1" />
				<Option object_output="obj\Release\" />
				<Option external_deps="bin\Release\libnavit.a;bin\Release\libvehicle_file.la;bin\Release\libdata_binfile.la;bin\Release\libgtk_graphics.la;bin\Release\libgtk_gui.la;bin\Release\libwin32_gui.la" />
				<Option type="1" />
				<Option compiler="gcc" />
				<Option use_console_runner="0" />
				<Compiler>
					<Add option="-O2" />
				</Compiler>
				<Linker>
					<Add option="-s" />
					<Add library="bin\Release\libvehicle_file.la" />
					<Add library="bin\Release\libdata_binfile.la" />
					<Add library="bin\Release\libgtk_graphics.la" />
					<Add library="bin\Release\libvehicle_demo.la" />
					<Add library="bin\Release\libgtk_gui.la" />
					<Add library="bin\Release\libdata_poi_geodownload.la" />
					<Add library="bin\Release\libmdb.a" />
					<Add library="bin\Release\libdata_garmin.la" />
					<Add library="bin\Release\libspeech_speech_dispatcher.la" />
					<Add library="bin\Release\libdata_mg.la" />
					<Add library="bin\Release\libdata_textfile.la" />
					<Add library="bin\Release\libwin32_gui.la" />
					<Add library="libgarmin.a" />
					<Add library="bin\Release\libnavit.a" />
					<Add library="bin\Release\libfib.a" />
					<Add library="ole32" />
					<Add library="user32" />
					<Add library="gdi32" />
					<Add library="z" />
					<Add library="gobject-2.0" />
					<Add library="gmodule-2.0" />
					<Add library="glib-2.0" />
					<Add library="intl" />
					<Add directory="." />
					<Add directory="Win32Extra\libgarmin" />
				</Linker>
			</Target>
		</Build>
		<Compiler>
			<Add option="-Wall" />
			<Add option="-mms-bitfields" />
			<Add option="-DMODULE=Navit" />
			<Add option='-DPREFIX=\&quot;/usr/local\&quot;' />
			<Add directory="%GTK_DIR%\include" />
			<Add directory="%GTK_DIR%\include\gtk-2.0" />
			<Add directory="%GTK_DIR%\include\glib-2.0" />
			<Add directory="%GTK_DIR%\lib\gtk-2.0\include" />
			<Add directory="%GTK_DIR%\lib\glib-2.0\include" />
			<Add directory="%GTK_DIR%\include\cairo" />
			<Add directory="%GTK_DIR%\include\pango-1.0" />
			<Add directory="%GTK_DIR%\include\atk-1.0" />
			<Add directory="..\..\src" />
			<Add directory="Win32Extra" />
			<Add directory="..\..\src\fib-1.1" />
			<Add directory="%GTK_DIR%\include\freetype2" />
		</Compiler>
		<Linker>
			<Add directory="%GTK_DIR%\lib" />
		</Linker>
		<Unit filename="Win32Extra\navit_win32.c">
			<Option compilerVar="CC" />
		</Unit>
		<Extensions>
			<code_completion />
			<envvars />
			<debugger />
		</Extensions>
	</Project>
</CodeBlocks_project_file>
