<?xml version="1.0" encoding="UTF-8" standalone="yes" ?>
<CodeBlocks_project_file>
	<FileVersion major="1" minor="6" />
	<Project>
		<Option title="Osm2Navit" />
		<Option pch_mode="2" />
		<Option compiler="gcc" />
		<Build>
			<Target title="Debug">
				<Option output="bin\Debug\Osm2Navit" prefix_auto="1" extension_auto="1" />
				<Option working_dir="bin\Debug" />
				<Option object_output="obj\osm2navit\Debug\" />
				<Option type="1" />
				<Option compiler="gcc" />
				<Option use_console_runner="0" />
				<Option parameters="--input-file=d:\CB_Projects\netherlands.osm --attr-debug-level=0 -k netherlands.bin" />
				<Compiler>
					<Add option="-g" />
				</Compiler>
				<Linker>
					<Add directory="d:\gtk\lib" />
					<Add directory="bin\Debug" />
				</Linker>
			</Target>
			<Target title="Release">
				<Option output="bin\Release\Osm2Navit" prefix_auto="1" extension_auto="1" />
				<Option object_output="obj\osm2navit\Release\" />
				<Option type="1" />
				<Option compiler="gcc" />
				<Compiler>
					<Add option="-O2" />
				</Compiler>
				<Linker>
					<Add option="-s" />
					<Add directory="d:\gtk\lib" />
					<Add directory="bin\Release" />
				</Linker>
			</Target>
		</Build>
		<Compiler>
			<Add option="-Wall" />
			<Add option="-mms-bitfields -DMODULE=osm2navit" />
			<Add directory="D:\gtk\include\glib-2.0" />
			<Add directory="D:\gtk\lib\glib-2.0\include" />
			<Add directory="D:\gtk\include" />
			<Add directory="Win32Extra" />
		</Compiler>
		<Linker>
			<Add library="user32" />
			<Add library="gtk-win32-2.0" />
			<Add library="gdk-win32-2.0" />
			<Add library="gdk_pixbuf-2.0" />
			<Add library="fib" />
			<Add library="freetype" />
			<Add library="z" />
			<Add library="gobject-2.0" />
			<Add library="gmodule-2.0" />
			<Add library="glib-2.0" />
			<Add library="intl" />
			<Add library="zdll" />
			<Add directory="d:\gtk\lib" />
		</Linker>
		<Unit filename="Win32Extra\wordexp.c">
			<Option compilerVar="CC" />
		</Unit>
		<Unit filename="Win32Extra\wordexp.h" />
		<Unit filename="..\..\src\attr.c">
			<Option compilerVar="CC" />
		</Unit>
		<Unit filename="..\..\src\attr.h" />
		<Unit filename="..\..\src\attr_def.h" />
		<Unit filename="..\..\src\coord.c">
			<Option compilerVar="CC" />
		</Unit>
		<Unit filename="..\..\src\coord.h" />
		<Unit filename="..\..\src\country.c">
			<Option compilerVar="CC" />
		</Unit>
		<Unit filename="..\..\src\country.h" />
		<Unit filename="..\..\src\debug.c">
			<Option compilerVar="CC" />
		</Unit>
		<Unit filename="..\..\src\debug.h" />
		<Unit filename="..\..\src\file.c">
			<Option compilerVar="CC" />
		</Unit>
		<Unit filename="..\..\src\file.h" />
		<Unit filename="..\..\src\item.c">
			<Option compilerVar="CC" />
		</Unit>
		<Unit filename="..\..\src\item.h" />
		<Unit filename="..\..\src\map.c">
			<Option compilerVar="CC" />
		</Unit>
		<Unit filename="..\..\src\map.h" />
		<Unit filename="..\..\src\osm2navit.c">
			<Option compilerVar="CC" />
		</Unit>
		<Unit filename="..\..\src\param.c">
			<Option compilerVar="CC" />
		</Unit>
		<Unit filename="..\..\src\param.h" />
		<Unit filename="..\..\src\plugin.c">
			<Option compilerVar="CC" />
		</Unit>
		<Unit filename="..\..\src\plugin.h" />
		<Unit filename="..\..\src\transform.c">
			<Option compilerVar="CC" />
		</Unit>
		<Unit filename="..\..\src\transform.h" />
		<Extensions>
			<code_completion />
			<envvars />
			<debugger />
		</Extensions>
	</Project>
</CodeBlocks_project_file>
